
Microsoft Visual Studio Solution File, Format Version 12.00
# Visual Studio Version 17
VisualStudioVersion = 17.7.34031.279
MinimumVisualStudioVersion = 10.0.40219.1
Project("{FAE04EC0-301F-11D3-BF4B-00C04F79EFBC}") = "FirstApp", "FirstApp\FirstApp.csproj", "{DB9A4EBC-3501-4DA5-839F-3C1C683ADDAB}"
EndProject
Global
	GlobalSection(SolutionConfigurationPlatforms) = preSolution
		Debug|Any CPU = Debug|Any CPU
		Release|Any CPU = Release|Any CPU
	EndGlobalSection
	GlobalSection(ProjectConfigurationPlatforms) = postSolution
		{DB9A4EBC-3501-4DA5-839F-3C1C683ADDAB}.Debug|Any CPU.ActiveCfg = Debug|Any CPU
		{DB9A4EBC-3501-4DA5-839F-3C1C683ADDAB}.Debug|Any CPU.Build.0 = Debug|Any CPU
		{DB9A4EBC-3501-4DA5-839F-3C1C683ADDAB}.Release|Any CPU.ActiveCfg = Release|Any CPU
		{DB9A4EBC-3501-4DA5-839F-3C1C683ADDAB}.Release|Any CPU.Build.0 = Release|Any CPU
	EndGlobalSection
	GlobalSection(SolutionProperties) = preSolution
		HideSolutionNode = FALSE
	EndGlobalSection
	GlobalSection(ExtensibilityGlobals) = postSolution
		SolutionGuid = {322B6F07-2752-4E09-A1A6-84B93E8BB496}
	EndGlobalSection
EndGlobal
